
Microsoft Visual Studio Solution File, Format Version 12.00
# Visual Studio 15
VisualStudioVersion = 15.0.28307.106
MinimumVisualStudioVersion = 10.0.40219.1
Project("{FAE04EC0-301F-11D3-BF4B-00C04F79EFBC}") = "ChargeLearning", "ChargeLearning\ChargeLearning.csproj", "{A317D010-2F2D-4504-8242-91218873C14C}"
EndProject
Global
	GlobalSection(SolutionConfigurationPlatforms) = preSolution
		Debug|Any CPU = Debug|Any CPU
		Release|Any CPU = Release|Any CPU
	EndGlobalSection
	GlobalSection(ProjectConfigurationPlatforms) = postSolution
		{A317D010-2F2D-4504-8242-91218873C14C}.Debug|Any CPU.ActiveCfg = Debug|Any CPU
		{A317D010-2F2D-4504-8242-91218873C14C}.Debug|Any CPU.Build.0 = Debug|Any CPU
		{A317D010-2F2D-4504-8242-91218873C14C}.Release|Any CPU.ActiveCfg = Release|Any CPU
		{A317D010-2F2D-4504-8242-91218873C14C}.Release|Any CPU.Build.0 = Release|Any CPU
	EndGlobalSection
	GlobalSection(SolutionProperties) = preSolution
		HideSolutionNode = FALSE
	EndGlobalSection
	GlobalSection(ExtensibilityGlobals) = postSolution
		SolutionGuid = {F1C378EE-0D09-4B4B-AD56-C40BC9D0937A}
	EndGlobalSection
EndGlobal
